PODS:
  - Alamofire (4.8.2)
  - AnnotationETA (0.1.2)
  - CFAlertViewController (3.1)
  - ChameleonFramework (2.1.0):
    - ChameleonFramework/Default (= 2.1.0)
  - ChameleonFramework/Default (2.1.0)
  - Cluster (2.4.9)
  - Firebase/Auth (5.20.2):
    - Firebase/CoreOnly
    - FirebaseAuth (= 5.4.2)
  - Firebase/Core (5.20.2):
    - Firebase/CoreOnly
    - FirebaseAnalytics (= 5.8.1)
  - Firebase/CoreOnly (5.20.2):
    - FirebaseCore (= 5.4.1)
  - Firebase/Database (5.20.2):
    - Firebase/CoreOnly
    - FirebaseDatabase (= 5.1.1)
  - Firebase/Storage (5.20.2):
    - Firebase/CoreOnly
    - FirebaseStorage (= 3.1.1)
  - FirebaseAnalytics (5.8.1):
    - FirebaseCore (~> 5.4)
    - FirebaseInstanceID (~> 3.8)
    - GoogleAppMeasurement (= 5.8.1)
    - GoogleUtilities/AppDelegateSwizzler (~> 5.2)
    - GoogleUtilities/MethodSwizzler (~> 5.2)
    - GoogleUtilities/Network (~> 5.2)
    - "GoogleUtilities/NSData+zlib (~> 5.2)"
    - nanopb (~> 0.3)
  - FirebaseAuth (5.4.2):
    - FirebaseAuthInterop (~> 1.0)
    - FirebaseCore (~> 5.2)
    - GoogleUtilities/Environment (~> 5.2)
    - GTMSessionFetcher/Core (~> 1.1)
  - FirebaseAuthInterop (1.0.0)
  - FirebaseCore (5.4.1):
    - GoogleUtilities/Environment (~> 5.2)
    - GoogleUtilities/Logger (~> 5.2)
  - FirebaseDatabase (5.1.1):
    - FirebaseAuthInterop (~> 1.0)
    - FirebaseCore (~> 5.2)
    - leveldb-library (~> 1.18)
  - FirebaseInstanceID (3.8.1):
    - FirebaseCore (~> 5.2)
    - GoogleUtilities/Environment (~> 5.2)
    - GoogleUtilities/UserDefaults (~> 5.2)
  - FirebaseStorage (3.1.1):
    - FirebaseAuthInterop (~> 1.0)
    - FirebaseCore (~> 5.2)
    - GTMSessionFetcher/Core (~> 1.1)
  - FontAwesome.swift (1.7.0)
  - GoogleAppMeasurement (5.8.1):
    - GoogleUtilities/AppDelegateSwizzler (~> 5.2)
    - GoogleUtilities/MethodSwizzler (~> 5.2)
    - GoogleUtilities/Network (~> 5.2)
    - "GoogleUtilities/NSData+zlib (~> 5.2)"
    - nanopb (~> 0.3)
  - GoogleUtilities/AppDelegateSwizzler (5.7.0):
    - GoogleUtilities/Environment
    - GoogleUtilities/Logger
    - GoogleUtilities/Network
  - GoogleUtilities/Environment (5.7.0)
  - GoogleUtilities/Logger (5.7.0):
    - GoogleUtilities/Environment
  - GoogleUtilities/MethodSwizzler (5.7.0):
    - GoogleUtilities/Logger
  - GoogleUtilities/Network (5.7.0):
    - GoogleUtilities/Logger
    - "GoogleUtilities/NSData+zlib"
    - GoogleUtilities/Reachability
  - "GoogleUtilities/NSData+zlib (5.7.0)"
  - GoogleUtilities/Reachability (5.7.0):
    - GoogleUtilities/Logger
  - GoogleUtilities/UserDefaults (5.7.0):
    - GoogleUtilities/Logger
  - GTMSessionFetcher/Core (1.2.1)
  - Haptica (2.2.3)
  - Hero (1.4.0)
  - IQKeyboardManagerSwift (6.2.1)
  - KeyboardHideManager (1.2.0)
  - Kingfisher (5.3.1)
  - leveldb-library (1.20)
  - Mapbox-iOS-SDK (4.9.0)
  - nanopb (0.3.901):
    - nanopb/decode (= 0.3.901)
    - nanopb/encode (= 0.3.901)
  - nanopb/decode (0.3.901)
  - nanopb/encode (0.3.901)
  - NVActivityIndicatorView (4.7.0):
    - NVActivityIndicatorView/Presenter (= 4.7.0)
  - NVActivityIndicatorView/Presenter (4.7.0)
  - OneSignal (2.9.5)
  - Pastel (0.5.1)
  - SwiftyJSON (5.0.0)

DEPENDENCIES:
  - Alamofire
  - AnnotationETA
  - CFAlertViewController
  - ChameleonFramework
  - Cluster
  - Firebase/Auth
  - Firebase/Core
  - Firebase/Database
  - Firebase/Storage
  - FontAwesome.swift
  - Haptica
  - Hero
  - IQKeyboardManagerSwift
  - KeyboardHideManager
  - Kingfisher
  - Mapbox-iOS-SDK (~> 4.9)
  - NVActivityIndicatorView
  - OneSignal (< 3.0, >= 2.6.2)
  - Pastel
  - SwiftyJSON

SPEC REPOS:
  https://github.com/cocoapods/specs.git:
    - Alamofire
    - AnnotationETA
    - CFAlertViewController
    - ChameleonFramework
    - Cluster
    - Firebase
    - FirebaseAnalytics
    - FirebaseAuth
    - FirebaseAuthInterop
    - FirebaseCore
    - FirebaseDatabase
    - FirebaseInstanceID
    - FirebaseStorage
    - FontAwesome.swift
    - GoogleAppMeasurement
    - GoogleUtilities
    - GTMSessionFetcher
    - Haptica
    - Hero
    - IQKeyboardManagerSwift
    - KeyboardHideManager
    - Kingfisher
    - leveldb-library
    - Mapbox-iOS-SDK
    - nanopb
    - NVActivityIndicatorView
    - OneSignal
    - Pastel
    - SwiftyJSON

SPEC CHECKSUMS:
  Alamofire: ae5c501addb7afdbb13687d7f2f722c78734c2d3
  AnnotationETA: d03d17eeabddcbfffc2dc0f026aa150678d62d0a
  CFAlertViewController: a27cf0512d0fa9ef6a3b966862039c295fb0ef69
  ChameleonFramework: d21a3cc247abfe5e37609a283a8238b03575cf64
  Cluster: f767141c2ba254bd817fabd2d036410fabba0a29
  Firebase: 0c8cf33f266410c61ab3e2265cfa412200351d9c
  FirebaseAnalytics: ece1aa57a4f43c64d53a648b5a5e05151aae947b
  FirebaseAuth: dd7bbf03a5aee0eafb3a1aee4d2812bd74bac890
  FirebaseAuthInterop: 0ffa57668be100582bb7643d4fcb7615496c41fc
  FirebaseCore: f1a9a8be1aee4bf71a2fc0f4096df6788bdfda61
  FirebaseDatabase: 2c15b0ea6f2c6eb5e57413f9d6340f1e50b81ae3
  FirebaseInstanceID: a122b0c258720cf250551bb2bedf48c699f80d90
  FirebaseStorage: 6162ef4322502b818d9de0ec552f5226d283de43
  FontAwesome.swift: 9f377615aa61381796dca143cddfd2a388723ea1
  GoogleAppMeasurement: ffe513e90551844a739e7bcbb1d2aca1c28a4338
  GoogleUtilities: 273e67030e0de313e7304f6dcfa96fc5214f6c23
  GTMSessionFetcher: 32aeca0aa144acea523e1c8e053089dec2cb98ca
  Haptica: 9b4e210ecf506b9f96c2a7746a8d945452ec344b
  Hero: bac92350d7201a1a940003e0767c7b52ce7c99a1
  IQKeyboardManagerSwift: 0f0ae8935360b4003e6ea1ac7c19898f01e2f7c7
  KeyboardHideManager: 49ca33b24a1000f85c6667c98459e20c231e7d54
  Kingfisher: d9e7e0b209b59b8f9873aa2f37654e81a7beea51
  leveldb-library: 08cba283675b7ed2d99629a4bc5fd052cd2bb6a5
  Mapbox-iOS-SDK: 225036950837cbe408e6b333e51cd6001c122499
  nanopb: 2901f78ea1b7b4015c860c2fdd1ea2fee1a18d48
  NVActivityIndicatorView: b19ddab2576f805cbe0fb2306cba3476e09a1dea
  OneSignal: ccdeb961882f8668305e5b694e2cb7cb325fc907
  Pastel: b3dd5b8d612dac06ae7c63c97c45c900829bc139
  SwiftyJSON: 36413e04c44ee145039d332b4f4e2d3e8d6c4db7

PODFILE CHECKSUM: 3e6f848bc0061923bf9fb1ff903b1ded2920fb1b

COCOAPODS: 1.5.3
