// !$*UTF8*$!
{
	archiveVersion = 1;
	classes = {
	};
	objectVersion = 50;
	objects = {

/* Begin PBXBuildFile section */
		03ECA07126DDA87CACB42291 /* Pods_parkit.framework in Frameworks */ = {isa = PBXBuildFile; fileRef = 9A90CF55D8A3077B6B10B298 /* Pods_parkit.framework */; };
		7612DEA322661D8700B5EC43 /* GoogleService-Info.plist in Resources */ = {isa = PBXBuildFile; fileRef = 7612DEA222661D8700B5EC43 /* GoogleService-Info.plist */; };
		7616473D228D4AC900C1C5D3 /* MapVC.swift in Sources */ = {isa = PBXBuildFile; fileRef = 7616473C228D4AC900C1C5D3 /* MapVC.swift */; };
		76175FE82299DC8600605C4B /* ResultCell.swift in Sources */ = {isa = PBXBuildFile; fileRef = 76175FE72299DC8600605C4B /* ResultCell.swift */; };
		761E61FD2298A2A50091510D /* SettingsVC.swift in Sources */ = {isa = PBXBuildFile; fileRef = 761E61FC2298A2A50091510D /* SettingsVC.swift */; };
		764199692295B23900801A9A /* BikeClusterAnnotationView.swift in Sources */ = {isa = PBXBuildFile; fileRef = 764199682295B23900801A9A /* BikeClusterAnnotationView.swift */; };
		7655E14922661AFF0088DFAA /* AppDelegate.swift in Sources */ = {isa = PBXBuildFile; fileRef = 7655E14822661AFF0088DFAA /* AppDelegate.swift */; };
		7655E15022661AFF0088DFAA /* Main.storyboard in Resources */ = {isa = PBXBuildFile; fileRef = 7655E14E22661AFF0088DFAA /* Main.storyboard */; };
		7655E15222661B010088DFAA /* Assets.xcassets in Resources */ = {isa = PBXBuildFile; fileRef = 7655E15122661B010088DFAA /* Assets.xcassets */; };
		7655E15522661B010088DFAA /* LaunchScreen.storyboard in Resources */ = {isa = PBXBuildFile; fileRef = 7655E15322661B010088DFAA /* LaunchScreen.storyboard */; };
		767373E8228D9B0000A6AEC0 /* BikeMarkerView.swift in Sources */ = {isa = PBXBuildFile; fileRef = 767373E7228D9B0000A6AEC0 /* BikeMarkerView.swift */; };
		76836D1B228D632F00906752 /* BikeAnnotation.swift in Sources */ = {isa = PBXBuildFile; fileRef = 76836D1A228D632F00906752 /* BikeAnnotation.swift */; };
		76E169302299345400CAF5B1 /* ParksModel.xcdatamodeld in Sources */ = {isa = PBXBuildFile; fileRef = 76E1692E2299345400CAF5B1 /* ParksModel.xcdatamodeld */; };
/* End PBXBuildFile section */

/* Begin PBXFileReference section */
		760A4EC22292D5040045A6BE /* parkit.entitlements */ = {isa = PBXFileReference; lastKnownFileType = text.plist.entitlements; path = parkit.entitlements; sourceTree = "<group>"; };
		7612DEA222661D8700B5EC43 /* GoogleService-Info.plist */ = {isa = PBXFileReference; fileEncoding = 4; lastKnownFileType = text.plist.xml; path = "GoogleService-Info.plist"; sourceTree = "<group>"; };
		7616473C228D4AC900C1C5D3 /* MapVC.swift */ = {isa = PBXFileReference; fileEncoding = 4; lastKnownFileType = sourcecode.swift; path = MapVC.swift; sourceTree = "<group>"; };
		76175FE72299DC8600605C4B /* ResultCell.swift */ = {isa = PBXFileReference; lastKnownFileType = sourcecode.swift; path = ResultCell.swift; sourceTree = "<group>"; };
		761E61FC2298A2A50091510D /* SettingsVC.swift */ = {isa = PBXFileReference; lastKnownFileType = sourcecode.swift; path = SettingsVC.swift; sourceTree = "<group>"; };
		764199682295B23900801A9A /* BikeClusterAnnotationView.swift */ = {isa = PBXFileReference; fileEncoding = 4; lastKnownFileType = sourcecode.swift; path = BikeClusterAnnotationView.swift; sourceTree = "<group>"; };
		7655E14522661AFF0088DFAA /* parkit.app */ = {isa = PBXFileReference; explicitFileType = wrapper.application; includeInIndex = 0; path = parkit.app; sourceTree = BUILT_PRODUCTS_DIR; };
		7655E14822661AFF0088DFAA /* AppDelegate.swift */ = {isa = PBXFileReference; lastKnownFileType = sourcecode.swift; path = AppDelegate.swift; sourceTree = "<group>"; };
		7655E14F22661AFF0088DFAA /* Base */ = {isa = PBXFileReference; lastKnownFileType = file.storyboard; name = Base; path = Base.lproj/Main.storyboard; sourceTree = "<group>"; };
		7655E15122661B010088DFAA /* Assets.xcassets */ = {isa = PBXFileReference; lastKnownFileType = folder.assetcatalog; path = Assets.xcassets; sourceTree = "<group>"; };
		7655E15422661B010088DFAA /* Base */ = {isa = PBXFileReference; lastKnownFileType = file.storyboard; name = Base; path = Base.lproj/LaunchScreen.storyboard; sourceTree = "<group>"; };
		7655E15622661B010088DFAA /* Info.plist */ = {isa = PBXFileReference; lastKnownFileType = text.plist.xml; path = Info.plist; sourceTree = "<group>"; };
		767373E7228D9B0000A6AEC0 /* BikeMarkerView.swift */ = {isa = PBXFileReference; lastKnownFileType = sourcecode.swift; path = BikeMarkerView.swift; sourceTree = "<group>"; };
		76836D1A228D632F00906752 /* BikeAnnotation.swift */ = {isa = PBXFileReference; lastKnownFileType = sourcecode.swift; name = BikeAnnotation.swift; path = parkit/Views/BikeAnnotation.swift; sourceTree = SOURCE_ROOT; };
		76E1692F2299345400CAF5B1 /* ParksModel.xcdatamodel */ = {isa = PBXFileReference; lastKnownFileType = wrapper.xcdatamodel; path = ParksModel.xcdatamodel; sourceTree = "<group>"; };
		8B5400DA02B1CB5F1548ACB3 /* Pods-parkit.release.xcconfig */ = {isa = PBXFileReference; includeInIndex = 1; lastKnownFileType = text.xcconfig; name = "Pods-parkit.release.xcconfig"; path = "Pods/Target Support Files/Pods-parkit/Pods-parkit.release.xcconfig"; sourceTree = "<group>"; };
		9A90CF55D8A3077B6B10B298 /* Pods_parkit.framework */ = {isa = PBXFileReference; explicitFileType = wrapper.framework; includeInIndex = 0; path = Pods_parkit.framework; sourceTree = BUILT_PRODUCTS_DIR; };
		D5A79A1E8221D9176B7F24FD /* Pods-parkit.debug.xcconfig */ = {isa = PBXFileReference; includeInIndex = 1; lastKnownFileType = text.xcconfig; name = "Pods-parkit.debug.xcconfig"; path = "Pods/Target Support Files/Pods-parkit/Pods-parkit.debug.xcconfig"; sourceTree = "<group>"; };
/* End PBXFileReference section */

/* Begin PBXFrameworksBuildPhase section */
		7655E14222661AFF0088DFAA /* Frameworks */ = {
			isa = PBXFrameworksBuildPhase;
			buildActionMask = 2147483647;
			files = (
				03ECA07126DDA87CACB42291 /* Pods_parkit.framework in Frameworks */,
			);
			runOnlyForDeploymentPostprocessing = 0;
		};
/* End PBXFrameworksBuildPhase section */

/* Begin PBXGroup section */
		178314D1568A93BDF7E220A5 /* Frameworks */ = {
			isa = PBXGroup;
			children = (
				9A90CF55D8A3077B6B10B298 /* Pods_parkit.framework */,
			);
			name = Frameworks;
			sourceTree = "<group>";
		};
		7616473B228D4AC900C1C5D3 /* Controllers */ = {
			isa = PBXGroup;
			children = (
				761E61FC2298A2A50091510D /* SettingsVC.swift */,
				7616473C228D4AC900C1C5D3 /* MapVC.swift */,
			);
			path = Controllers;
			sourceTree = "<group>";
		};
		7616473E228D4AD800C1C5D3 /* Models */ = {
			isa = PBXGroup;
			children = (
				76E1692E2299345400CAF5B1 /* ParksModel.xcdatamodeld */,
			);
			path = Models;
			sourceTree = "<group>";
		};
		7616473F228D4AD800C1C5D3 /* Views */ = {
			isa = PBXGroup;
			children = (
				76175FE72299DC8600605C4B /* ResultCell.swift */,
				76836D1A228D632F00906752 /* BikeAnnotation.swift */,
				764199682295B23900801A9A /* BikeClusterAnnotationView.swift */,
				767373E7228D9B0000A6AEC0 /* BikeMarkerView.swift */,
			);
			path = Views;
			sourceTree = "<group>";
		};
		7655E13C22661AFF0088DFAA = {
			isa = PBXGroup;
			children = (
				7655E14722661AFF0088DFAA /* parkit */,
				7655E14622661AFF0088DFAA /* Products */,
				81E5E477C9A63B8955278D94 /* Pods */,
				178314D1568A93BDF7E220A5 /* Frameworks */,
			);
			sourceTree = "<group>";
		};
		7655E14622661AFF0088DFAA /* Products */ = {
			isa = PBXGroup;
			children = (
				7655E14522661AFF0088DFAA /* parkit.app */,
			);
			name = Products;
			sourceTree = "<group>";
		};
		7655E14722661AFF0088DFAA /* parkit */ = {
			isa = PBXGroup;
			children = (
				760A4EC22292D5040045A6BE /* parkit.entitlements */,
				7655E14822661AFF0088DFAA /* AppDelegate.swift */,
				7616473B228D4AC900C1C5D3 /* Controllers */,
				7616473E228D4AD800C1C5D3 /* Models */,
				7616473F228D4AD800C1C5D3 /* Views */,
				7655E15122661B010088DFAA /* Assets.xcassets */,
				7655E14E22661AFF0088DFAA /* Main.storyboard */,
				7655E15322661B010088DFAA /* LaunchScreen.storyboard */,
				7655E15622661B010088DFAA /* Info.plist */,
				7612DEA222661D8700B5EC43 /* GoogleService-Info.plist */,
			);
			path = parkit;
			sourceTree = "<group>";
		};
		81E5E477C9A63B8955278D94 /* Pods */ = {
			isa = PBXGroup;
			children = (
				D5A79A1E8221D9176B7F24FD /* Pods-parkit.debug.xcconfig */,
				8B5400DA02B1CB5F1548ACB3 /* Pods-parkit.release.xcconfig */,
			);
			name = Pods;
			sourceTree = "<group>";
		};
/* End PBXGroup section */

/* Begin PBXNativeTarget section */
		7655E14422661AFF0088DFAA /* parkit */ = {
			isa = PBXNativeTarget;
			buildConfigurationList = 7655E15922661B010088DFAA /* Build configuration list for PBXNativeTarget "parkit" */;
			buildPhases = (
				87649A93DA8F72700C2C68C7 /* [CP] Check Pods Manifest.lock */,
				7655E14122661AFF0088DFAA /* Sources */,
				7655E14222661AFF0088DFAA /* Frameworks */,
				7655E14322661AFF0088DFAA /* Resources */,
				4AA646BD3B13E72084237684 /* [CP] Embed Pods Frameworks */,
			);
			buildRules = (
			);
			dependencies = (
			);
			name = parkit;
			productName = parkit;
			productReference = 7655E14522661AFF0088DFAA /* parkit.app */;
			productType = "com.apple.product-type.application";
		};
/* End PBXNativeTarget section */

/* Begin PBXProject section */
		7655E13D22661AFF0088DFAA /* Project object */ = {
			isa = PBXProject;
			attributes = {
				LastSwiftUpdateCheck = 1020;
				LastUpgradeCheck = 1020;
				ORGANIZATIONNAME = "Arthur Péligry";
				TargetAttributes = {
					7655E14422661AFF0088DFAA = {
						CreatedOnToolsVersion = 10.2;
						SystemCapabilities = {
							com.apple.Push = {
								enabled = 1;
							};
						};
					};
				};
			};
			buildConfigurationList = 7655E14022661AFF0088DFAA /* Build configuration list for PBXProject "parkit" */;
			compatibilityVersion = "Xcode 9.3";
			developmentRegion = en;
			hasScannedForEncodings = 0;
			knownRegions = (
				en,
				Base,
			);
			mainGroup = 7655E13C22661AFF0088DFAA;
			productRefGroup = 7655E14622661AFF0088DFAA /* Products */;
			projectDirPath = "";
			projectRoot = "";
			targets = (
				7655E14422661AFF0088DFAA /* parkit */,
			);
		};
/* End PBXProject section */

/* Begin PBXResourcesBuildPhase section */
		7655E14322661AFF0088DFAA /* Resources */ = {
			isa = PBXResourcesBuildPhase;
			buildActionMask = 2147483647;
			files = (
				7655E15522661B010088DFAA /* LaunchScreen.storyboard in Resources */,
				7612DEA322661D8700B5EC43 /* GoogleService-Info.plist in Resources */,
				7655E15222661B010088DFAA /* Assets.xcassets in Resources */,
				7655E15022661AFF0088DFAA /* Main.storyboard in Resources */,
			);
			runOnlyForDeploymentPostprocessing = 0;
		};
/* End PBXResourcesBuildPhase section */

/* Begin PBXShellScriptBuildPhase section */
		4AA646BD3B13E72084237684 /* [CP] Embed Pods Frameworks */ = {
			isa = PBXShellScriptBuildPhase;
			buildActionMask = 2147483647;
			files = (
			);
			inputFileListPaths = (
			);
			inputPaths = (
				"${SRCROOT}/Pods/Target Support Files/Pods-parkit/Pods-parkit-frameworks.sh",
				"${BUILT_PRODUCTS_DIR}/Alamofire/Alamofire.framework",
				"${BUILT_PRODUCTS_DIR}/ChameleonFramework/ChameleonFramework.framework",
				"${BUILT_PRODUCTS_DIR}/Cluster/Cluster.framework",
				"${BUILT_PRODUCTS_DIR}/DeckTransition/DeckTransition.framework",
				"${BUILT_PRODUCTS_DIR}/FontAwesome.swift/FontAwesome_swift.framework",
				"${BUILT_PRODUCTS_DIR}/GestureRecognizerClosures/GestureRecognizerClosures.framework",
				"${BUILT_PRODUCTS_DIR}/IQKeyboardManagerSwift/IQKeyboardManagerSwift.framework",
				"${BUILT_PRODUCTS_DIR}/KeyboardHideManager/KeyboardHideManager.framework",
				"${BUILT_PRODUCTS_DIR}/Motion/Motion.framework",
				"${BUILT_PRODUCTS_DIR}/NVActivityIndicatorView/NVActivityIndicatorView.framework",
				"${BUILT_PRODUCTS_DIR}/SnapKit/SnapKit.framework",
				"${BUILT_PRODUCTS_DIR}/SwiftyJSON/SwiftyJSON.framework",
			);
			name = "[CP] Embed Pods Frameworks";
			outputFileListPaths = (
			);
			outputPaths = (
				"${TARGET_BUILD_DIR}/${FRAMEWORKS_FOLDER_PATH}/Alamofire.framework",
				"${TARGET_BUILD_DIR}/${FRAMEWORKS_FOLDER_PATH}/ChameleonFramework.framework",
				"${TARGET_BUILD_DIR}/${FRAMEWORKS_FOLDER_PATH}/Cluster.framework",
				"${TARGET_BUILD_DIR}/${FRAMEWORKS_FOLDER_PATH}/DeckTransition.framework",
				"${TARGET_BUILD_DIR}/${FRAMEWORKS_FOLDER_PATH}/FontAwesome_swift.framework",
				"${TARGET_BUILD_DIR}/${FRAMEWORKS_FOLDER_PATH}/GestureRecognizerClosures.framework",
				"${TARGET_BUILD_DIR}/${FRAMEWORKS_FOLDER_PATH}/IQKeyboardManagerSwift.framework",
				"${TARGET_BUILD_DIR}/${FRAMEWORKS_FOLDER_PATH}/KeyboardHideManager.framework",
				"${TARGET_BUILD_DIR}/${FRAMEWORKS_FOLDER_PATH}/Motion.framework",
				"${TARGET_BUILD_DIR}/${FRAMEWORKS_FOLDER_PATH}/NVActivityIndicatorView.framework",
				"${TARGET_BUILD_DIR}/${FRAMEWORKS_FOLDER_PATH}/SnapKit.framework",
				"${TARGET_BUILD_DIR}/${FRAMEWORKS_FOLDER_PATH}/SwiftyJSON.framework",
			);
			runOnlyForDeploymentPostprocessing = 0;
			shellPath = /bin/sh;
			shellScript = "\"${SRCROOT}/Pods/Target Support Files/Pods-parkit/Pods-parkit-frameworks.sh\"\n";
			showEnvVarsInLog = 0;
		};
		87649A93DA8F72700C2C68C7 /* [CP] Check Pods Manifest.lock */ = {
			isa = PBXShellScriptBuildPhase;
			buildActionMask = 2147483647;
			files = (
			);
			inputFileListPaths = (
			);
			inputPaths = (
				"${PODS_PODFILE_DIR_PATH}/Podfile.lock",
				"${PODS_ROOT}/Manifest.lock",
			);
			name = "[CP] Check Pods Manifest.lock";
			outputFileListPaths = (
			);
			outputPaths = (
				"$(DERIVED_FILE_DIR)/Pods-parkit-checkManifestLockResult.txt",
			);
			runOnlyForDeploymentPostprocessing = 0;
			shellPath = /bin/sh;
			shellScript = "diff \"${PODS_PODFILE_DIR_PATH}/Podfile.lock\" \"${PODS_ROOT}/Manifest.lock\" > /dev/null\nif [ $? != 0 ] ; then\n    # print error to STDERR\n    echo \"error: The sandbox is not in sync with the Podfile.lock. Run 'pod install' or update your CocoaPods installation.\" >&2\n    exit 1\nfi\n# This output is used by Xcode 'outputs' to avoid re-running this script phase.\necho \"SUCCESS\" > \"${SCRIPT_OUTPUT_FILE_0}\"\n";
			showEnvVarsInLog = 0;
		};
/* End PBXShellScriptBuildPhase section */

/* Begin PBXSourcesBuildPhase section */
		7655E14122661AFF0088DFAA /* Sources */ = {
			isa = PBXSourcesBuildPhase;
			buildActionMask = 2147483647;
			files = (
				767373E8228D9B0000A6AEC0 /* BikeMarkerView.swift in Sources */,
				764199692295B23900801A9A /* BikeClusterAnnotationView.swift in Sources */,
				76175FE82299DC8600605C4B /* ResultCell.swift in Sources */,
				76836D1B228D632F00906752 /* BikeAnnotation.swift in Sources */,
				7616473D228D4AC900C1C5D3 /* MapVC.swift in Sources */,
				7655E14922661AFF0088DFAA /* AppDelegate.swift in Sources */,
				76E169302299345400CAF5B1 /* ParksModel.xcdatamodeld in Sources */,
				761E61FD2298A2A50091510D /* SettingsVC.swift in Sources */,
			);
			runOnlyForDeploymentPostprocessing = 0;
		};
/* End PBXSourcesBuildPhase section */

/* Begin PBXVariantGroup section */
		7655E14E22661AFF0088DFAA /* Main.storyboard */ = {
			isa = PBXVariantGroup;
			children = (
				7655E14F22661AFF0088DFAA /* Base */,
			);
			name = Main.storyboard;
			sourceTree = "<group>";
		};
		7655E15322661B010088DFAA /* LaunchScreen.storyboard */ = {
			isa = PBXVariantGroup;
			children = (
				7655E15422661B010088DFAA /* Base */,
			);
			name = LaunchScreen.storyboard;
			sourceTree = "<group>";
		};
/* End PBXVariantGroup section */

/* Begin XCBuildConfiguration section */
		7655E15722661B010088DFAA /* Debug */ = {
			isa = XCBuildConfiguration;
			buildSettings = {
				ALWAYS_SEARCH_USER_PATHS = NO;
				CLANG_ANALYZER_NONNULL = YES;
				CLANG_ANALYZER_NUMBER_OBJECT_CONVERSION = YES_AGGRESSIVE;
				CLANG_CXX_LANGUAGE_STANDARD = "gnu++14";
				CLANG_CXX_LIBRARY = "libc++";
				CLANG_ENABLE_MODULES = YES;
				CLANG_ENABLE_OBJC_ARC = YES;
				CLANG_ENABLE_OBJC_WEAK = YES;
				CLANG_WARN_BLOCK_CAPTURE_AUTORELEASING = YES;
				CLANG_WARN_BOOL_CONVERSION = YES;
				CLANG_WARN_COMMA = YES;
				CLANG_WARN_CONSTANT_CONVERSION = YES;
				CLANG_WARN_DEPRECATED_OBJC_IMPLEMENTATIONS = YES;
				CLANG_WARN_DIRECT_OBJC_ISA_USAGE = YES_ERROR;
				CLANG_WARN_DOCUMENTATION_COMMENTS = YES;
				CLANG_WARN_EMPTY_BODY = YES;
				CLANG_WARN_ENUM_CONVERSION = YES;
				CLANG_WARN_INFINITE_RECURSION = YES;
				CLANG_WARN_INT_CONVERSION = YES;
				CLANG_WARN_NON_LITERAL_NULL_CONVERSION = YES;
				CLANG_WARN_OBJC_IMPLICIT_RETAIN_SELF = YES;
				CLANG_WARN_OBJC_LITERAL_CONVERSION = YES;
				CLANG_WARN_OBJC_ROOT_CLASS = YES_ERROR;
				CLANG_WARN_RANGE_LOOP_ANALYSIS = YES;
				CLANG_WARN_STRICT_PROTOTYPES = YES;
				CLANG_WARN_SUSPICIOUS_MOVE = YES;
				CLANG_WARN_UNGUARDED_AVAILABILITY = YES_AGGRESSIVE;
				CLANG_WARN_UNREACHABLE_CODE = YES;
				CLANG_WARN__DUPLICATE_METHOD_MATCH = YES;
				CODE_SIGN_IDENTITY = "iPhone Developer";
				COPY_PHASE_STRIP = NO;
				DEBUG_INFORMATION_FORMAT = dwarf;
				ENABLE_STRICT_OBJC_MSGSEND = YES;
				ENABLE_TESTABILITY = YES;
				GCC_C_LANGUAGE_STANDARD = gnu11;
				GCC_DYNAMIC_NO_PIC = NO;
				GCC_NO_COMMON_BLOCKS = YES;
				GCC_OPTIMIZATION_LEVEL = 0;
				GCC_PREPROCESSOR_DEFINITIONS = (
					"DEBUG=1",
					"$(inherited)",
				);
				GCC_WARN_64_TO_32_BIT_CONVERSION = YES;
				GCC_WARN_ABOUT_RETURN_TYPE = YES_ERROR;
				GCC_WARN_UNDECLARED_SELECTOR = YES;
				GCC_WARN_UNINITIALIZED_AUTOS = YES_AGGRESSIVE;
				GCC_WARN_UNUSED_FUNCTION = YES;
				GCC_WARN_UNUSED_VARIABLE = YES;
				IPHONEOS_DEPLOYMENT_TARGET = 12.2;
				MTL_ENABLE_DEBUG_INFO = INCLUDE_SOURCE;
				MTL_FAST_MATH = YES;
				ONLY_ACTIVE_ARCH = YES;
				SDKROOT = iphoneos;
				SWIFT_ACTIVE_COMPILATION_CONDITIONS = DEBUG;
				SWIFT_OPTIMIZATION_LEVEL = "-Onone";
			};
			name = Debug;
		};
		7655E15822661B010088DFAA /* Release */ = {
			isa = XCBuildConfiguration;
			buildSettings = {
				ALWAYS_SEARCH_USER_PATHS = NO;
				CLANG_ANALYZER_NONNULL = YES;
				CLANG_ANALYZER_NUMBER_OBJECT_CONVERSION = YES_AGGRESSIVE;
				CLANG_CXX_LANGUAGE_STANDARD = "gnu++14";
				CLANG_CXX_LIBRARY = "libc++";
				CLANG_ENABLE_MODULES = YES;
				CLANG_ENABLE_OBJC_ARC = YES;
				CLANG_ENABLE_OBJC_WEAK = YES;
				CLANG_WARN_BLOCK_CAPTURE_AUTORELEASING = YES;
				CLANG_WARN_BOOL_CONVERSION = YES;
				CLANG_WARN_COMMA = YES;
				CLANG_WARN_CONSTANT_CONVERSION = YES;
				CLANG_WARN_DEPRECATED_OBJC_IMPLEMENTATIONS = YES;
				CLANG_WARN_DIRECT_OBJC_ISA_USAGE = YES_ERROR;
				CLANG_WARN_DOCUMENTATION_COMMENTS = YES;
				CLANG_WARN_EMPTY_BODY = YES;
				CLANG_WARN_ENUM_CONVERSION = YES;
				CLANG_WARN_INFINITE_RECURSION = YES;
				CLANG_WARN_INT_CONVERSION = YES;
				CLANG_WARN_NON_LITERAL_NULL_CONVERSION = YES;
				CLANG_WARN_OBJC_IMPLICIT_RETAIN_SELF = YES;
				CLANG_WARN_OBJC_LITERAL_CONVERSION = YES;
				CLANG_WARN_OBJC_ROOT_CLASS = YES_ERROR;
				CLANG_WARN_RANGE_LOOP_ANALYSIS = YES;
				CLANG_WARN_STRICT_PROTOTYPES = YES;
				CLANG_WARN_SUSPICIOUS_MOVE = YES;
				CLANG_WARN_UNGUARDED_AVAILABILITY = YES_AGGRESSIVE;
				CLANG_WARN_UNREACHABLE_CODE = YES;
				CLANG_WARN__DUPLICATE_METHOD_MATCH = YES;
				CODE_SIGN_IDENTITY = "iPhone Developer";
				COPY_PHASE_STRIP = NO;
				DEBUG_INFORMATION_FORMAT = "dwarf-with-dsym";
				ENABLE_NS_ASSERTIONS = NO;
				ENABLE_STRICT_OBJC_MSGSEND = YES;
				GCC_C_LANGUAGE_STANDARD = gnu11;
				GCC_NO_COMMON_BLOCKS = YES;
				GCC_WARN_64_TO_32_BIT_CONVERSION = YES;
				GCC_WARN_ABOUT_RETURN_TYPE = YES_ERROR;
				GCC_WARN_UNDECLARED_SELECTOR = YES;
				GCC_WARN_UNINITIALIZED_AUTOS = YES_AGGRESSIVE;
				GCC_WARN_UNUSED_FUNCTION = YES;
				GCC_WARN_UNUSED_VARIABLE = YES;
				IPHONEOS_DEPLOYMENT_TARGET = 12.2;
				MTL_ENABLE_DEBUG_INFO = NO;
				MTL_FAST_MATH = YES;
				SDKROOT = iphoneos;
				SWIFT_COMPILATION_MODE = wholemodule;
				SWIFT_OPTIMIZATION_LEVEL = "-O";
				VALIDATE_PRODUCT = YES;
			};
			name = Release;
		};
		7655E15A22661B010088DFAA /* Debug */ = {
			isa = XCBuildConfiguration;
			baseConfigurationReference = D5A79A1E8221D9176B7F24FD /* Pods-parkit.debug.xcconfig */;
			buildSettings = {
				ASSETCATALOG_COMPILER_APPICON_NAME = AppIcon;
				CODE_SIGN_ENTITLEMENTS = parkit/parkit.entitlements;
				CODE_SIGN_STYLE = Automatic;
				DEVELOPMENT_TEAM = LKH8T246BV;
				INFOPLIST_FILE = parkit/Info.plist;
				IPHONEOS_DEPLOYMENT_TARGET = 11.0;
				LD_RUNPATH_SEARCH_PATHS = (
					"$(inherited)",
					"@executable_path/Frameworks",
				);
				PRODUCT_BUNDLE_IDENTIFIER = fr.foxmob.parkit;
				PRODUCT_NAME = "$(TARGET_NAME)";
				SWIFT_VERSION = 5.0;
				TARGETED_DEVICE_FAMILY = 1;
			};
			name = Debug;
		};
		7655E15B22661B010088DFAA /* Release */ = {
			isa = XCBuildConfiguration;
			baseConfigurationReference = 8B5400DA02B1CB5F1548ACB3 /* Pods-parkit.release.xcconfig */;
			buildSettings = {
				ASSETCATALOG_COMPILER_APPICON_NAME = AppIcon;
				CODE_SIGN_ENTITLEMENTS = parkit/parkit.entitlements;
				CODE_SIGN_STYLE = Automatic;
				DEVELOPMENT_TEAM = LKH8T246BV;
				INFOPLIST_FILE = parkit/Info.plist;
				IPHONEOS_DEPLOYMENT_TARGET = 11.0;
				LD_RUNPATH_SEARCH_PATHS = (
					"$(inherited)",
					"@executable_path/Frameworks",
				);
				PRODUCT_BUNDLE_IDENTIFIER = fr.foxmob.parkit;
				PRODUCT_NAME = "$(TARGET_NAME)";
				SWIFT_VERSION = 5.0;
				TARGETED_DEVICE_FAMILY = 1;
			};
			name = Release;
		};
/* End XCBuildConfiguration section */

/* Begin XCConfigurationList section */
		7655E14022661AFF0088DFAA /* Build configuration list for PBXProject "parkit" */ = {
			isa = XCConfigurationList;
			buildConfigurations = (
				7655E15722661B010088DFAA /* Debug */,
				7655E15822661B010088DFAA /* Release */,
			);
			defaultConfigurationIsVisible = 0;
			defaultConfigurationName = Release;
		};
		7655E15922661B010088DFAA /* Build configuration list for PBXNativeTarget "parkit" */ = {
			isa = XCConfigurationList;
			buildConfigurations = (
				7655E15A22661B010088DFAA /* Debug */,
				7655E15B22661B010088DFAA /* Release */,
			);
			defaultConfigurationIsVisible = 0;
			defaultConfigurationName = Release;
		};
/* End XCConfigurationList section */

/* Begin XCVersionGroup section */
		76E1692E2299345400CAF5B1 /* ParksModel.xcdatamodeld */ = {
			isa = XCVersionGroup;
			children = (
				76E1692F2299345400CAF5B1 /* ParksModel.xcdatamodel */,
			);
			currentVersion = 76E1692F2299345400CAF5B1 /* ParksModel.xcdatamodel */;
			path = ParksModel.xcdatamodeld;
			sourceTree = "<group>";
			versionGroupType = wrapper.xcdatamodel;
		};
/* End XCVersionGroup section */
	};
	rootObject = 7655E13D22661AFF0088DFAA /* Project object */;
}
